
Microsoft Visual Studio Solution File, Format Version 12.00
# Visual Studio 15
VisualStudioVersion = 15.0.27130.2036
MinimumVisualStudioVersion = 10.0.40219.1
Project("{FAE04EC0-301F-11D3-BF4B-00C04F79EFBC}") = "WVB.TestUIFramework", "WVB.TestUIFramework\WVB.TestUIFramework.csproj", "{28A79F39-7CCD-4F8C-B1D4-7705C60F48FA}"
EndProject
Project("{FAE04EC0-301F-11D3-BF4B-00C04F79EFBC}") = "TestUIFramework.Test", "TestUIFramework.Test\TestUIFramework.Test.csproj", "{A8906CDF-CC92-4799-BBAE-B8FF1B33BF19}"
EndProject
Global
	GlobalSection(SolutionConfigurationPlatforms) = preSolution
		Debug|Any CPU = Debug|Any CPU
		Release|Any CPU = Release|Any CPU
	EndGlobalSection
	GlobalSection(ProjectConfigurationPlatforms) = postSolution
		{28A79F39-7CCD-4F8C-B1D4-7705C60F48FA}.Debug|Any CPU.ActiveCfg = Debug|Any CPU
		{28A79F39-7CCD-4F8C-B1D4-7705C60F48FA}.Debug|Any CPU.Build.0 = Debug|Any CPU
		{28A79F39-7CCD-4F8C-B1D4-7705C60F48FA}.Release|Any CPU.ActiveCfg = Release|Any CPU
		{28A79F39-7CCD-4F8C-B1D4-7705C60F48FA}.Release|Any CPU.Build.0 = Release|Any CPU
		{A8906CDF-CC92-4799-BBAE-B8FF1B33BF19}.Debug|Any CPU.ActiveCfg = Debug|Any CPU
		{A8906CDF-CC92-4799-BBAE-B8FF1B33BF19}.Debug|Any CPU.Build.0 = Debug|Any CPU
		{A8906CDF-CC92-4799-BBAE-B8FF1B33BF19}.Release|Any CPU.ActiveCfg = Release|Any CPU
		{A8906CDF-CC92-4799-BBAE-B8FF1B33BF19}.Release|Any CPU.Build.0 = Release|Any CPU
	EndGlobalSection
	GlobalSection(SolutionProperties) = preSolution
		HideSolutionNode = FALSE
	EndGlobalSection
	GlobalSection(ExtensibilityGlobals) = postSolution
		SolutionGuid = {311BE72E-D3D9-474C-85F0-8DA823E39699}
	EndGlobalSection
EndGlobal
